
Microsoft Visual Studio Solution File, Format Version 9.00
# Visual Studio 2005
Project("{8BC9CEB8-8B4A-11D0-8D11-00A0C91BC942}") = "Utils", "Utils\Utils.vcproj", "{FE14242A-A3DC-40FD-BD11-625DE61EE613}"
EndProject
Project("{8BC9CEB8-8B4A-11D0-8D11-00A0C91BC942}") = "TestUtils", "TestUtils\TestUtils.vcproj", "{ACB04F28-F74A-4B0E-81DD-501836F55C0B}"
	ProjectSection(ProjectDependencies) = postProject
		{60112469-A94D-4FA0-B224-E904EC630D8C} = {60112469-A94D-4FA0-B224-E904EC630D8C}
		{7AA3157A-239A-4BA9-A78A-787EF9919C0C} = {7AA3157A-239A-4BA9-A78A-787EF9919C0C}
		{FE14242A-A3DC-40FD-BD11-625DE61EE613} = {FE14242A-A3DC-40FD-BD11-625DE61EE613}
		{3174E6EE-D264-4E32-A7DC-E64C647EFFC2} = {3174E6EE-D264-4E32-A7DC-E64C647EFFC2}
	EndProjectSection
EndProject
Project("{8BC9CEB8-8B4A-11D0-8D11-00A0C91BC942}") = "OGLAPI", "OGLAPI\OGLAPI.vcproj", "{60112469-A94D-4FA0-B224-E904EC630D8C}"
	ProjectSection(ProjectDependencies) = postProject
		{3174E6EE-D264-4E32-A7DC-E64C647EFFC2} = {3174E6EE-D264-4E32-A7DC-E64C647EFFC2}
		{FE14242A-A3DC-40FD-BD11-625DE61EE613} = {FE14242A-A3DC-40FD-BD11-625DE61EE613}
	EndProjectSection
EndProject
Project("{8BC9CEB8-8B4A-11D0-8D11-00A0C91BC942}") = "Math", "Math\Math.vcproj", "{7AA3157A-239A-4BA9-A78A-787EF9919C0C}"
EndProject
Project("{8BC9CEB8-8B4A-11D0-8D11-00A0C91BC942}") = "WindowsGUI", "WindowsGUI\WindowsGUI.vcproj", "{3174E6EE-D264-4E32-A7DC-E64C647EFFC2}"
EndProject
Global
	GlobalSection(SolutionConfigurationPlatforms) = preSolution
		Debug|Win32 = Debug|Win32
		Release|Win32 = Release|Win32
		Retail|Win32 = Retail|Win32
		TestRelease|Win32 = TestRelease|Win32
	EndGlobalSection
	GlobalSection(ProjectConfigurationPlatforms) = postSolution
		{FE14242A-A3DC-40FD-BD11-625DE61EE613}.Debug|Win32.ActiveCfg = Debug|Win32
		{FE14242A-A3DC-40FD-BD11-625DE61EE613}.Debug|Win32.Build.0 = Debug|Win32
		{FE14242A-A3DC-40FD-BD11-625DE61EE613}.Release|Win32.ActiveCfg = Release|Win32
		{FE14242A-A3DC-40FD-BD11-625DE61EE613}.Release|Win32.Build.0 = Release|Win32
		{FE14242A-A3DC-40FD-BD11-625DE61EE613}.Retail|Win32.ActiveCfg = Release|Win32
		{FE14242A-A3DC-40FD-BD11-625DE61EE613}.Retail|Win32.Build.0 = Release|Win32
		{FE14242A-A3DC-40FD-BD11-625DE61EE613}.TestRelease|Win32.ActiveCfg = Release|Win32
		{FE14242A-A3DC-40FD-BD11-625DE61EE613}.TestRelease|Win32.Build.0 = Release|Win32
		{ACB04F28-F74A-4B0E-81DD-501836F55C0B}.Debug|Win32.ActiveCfg = Debug|Win32
		{ACB04F28-F74A-4B0E-81DD-501836F55C0B}.Debug|Win32.Build.0 = Debug|Win32
		{ACB04F28-F74A-4B0E-81DD-501836F55C0B}.Release|Win32.ActiveCfg = Release|Win32
		{ACB04F28-F74A-4B0E-81DD-501836F55C0B}.Release|Win32.Build.0 = Release|Win32
		{ACB04F28-F74A-4B0E-81DD-501836F55C0B}.Retail|Win32.ActiveCfg = Release|Win32
		{ACB04F28-F74A-4B0E-81DD-501836F55C0B}.Retail|Win32.Build.0 = Release|Win32
		{ACB04F28-F74A-4B0E-81DD-501836F55C0B}.TestRelease|Win32.ActiveCfg = Release|Win32
		{ACB04F28-F74A-4B0E-81DD-501836F55C0B}.TestRelease|Win32.Build.0 = Release|Win32
		{60112469-A94D-4FA0-B224-E904EC630D8C}.Debug|Win32.ActiveCfg = Debug|Win32
		{60112469-A94D-4FA0-B224-E904EC630D8C}.Debug|Win32.Build.0 = Debug|Win32
		{60112469-A94D-4FA0-B224-E904EC630D8C}.Release|Win32.ActiveCfg = Release|Win32
		{60112469-A94D-4FA0-B224-E904EC630D8C}.Release|Win32.Build.0 = Release|Win32
		{60112469-A94D-4FA0-B224-E904EC630D8C}.Retail|Win32.ActiveCfg = Release|Win32
		{60112469-A94D-4FA0-B224-E904EC630D8C}.Retail|Win32.Build.0 = Release|Win32
		{60112469-A94D-4FA0-B224-E904EC630D8C}.TestRelease|Win32.ActiveCfg = Release|Win32
		{60112469-A94D-4FA0-B224-E904EC630D8C}.TestRelease|Win32.Build.0 = Release|Win32
		{7AA3157A-239A-4BA9-A78A-787EF9919C0C}.Debug|Win32.ActiveCfg = Debug|Win32
		{7AA3157A-239A-4BA9-A78A-787EF9919C0C}.Debug|Win32.Build.0 = Debug|Win32
		{7AA3157A-239A-4BA9-A78A-787EF9919C0C}.Release|Win32.ActiveCfg = Release|Win32
		{7AA3157A-239A-4BA9-A78A-787EF9919C0C}.Release|Win32.Build.0 = Release|Win32
		{7AA3157A-239A-4BA9-A78A-787EF9919C0C}.Retail|Win32.ActiveCfg = Retail|Win32
		{7AA3157A-239A-4BA9-A78A-787EF9919C0C}.Retail|Win32.Build.0 = Retail|Win32
		{7AA3157A-239A-4BA9-A78A-787EF9919C0C}.TestRelease|Win32.ActiveCfg = TestRelease|Win32
		{7AA3157A-239A-4BA9-A78A-787EF9919C0C}.TestRelease|Win32.Build.0 = TestRelease|Win32
		{3174E6EE-D264-4E32-A7DC-E64C647EFFC2}.Debug|Win32.ActiveCfg = Debug|Win32
		{3174E6EE-D264-4E32-A7DC-E64C647EFFC2}.Debug|Win32.Build.0 = Debug|Win32
		{3174E6EE-D264-4E32-A7DC-E64C647EFFC2}.Release|Win32.ActiveCfg = Release|Win32
		{3174E6EE-D264-4E32-A7DC-E64C647EFFC2}.Release|Win32.Build.0 = Release|Win32
		{3174E6EE-D264-4E32-A7DC-E64C647EFFC2}.Retail|Win32.ActiveCfg = Release|Win32
		{3174E6EE-D264-4E32-A7DC-E64C647EFFC2}.Retail|Win32.Build.0 = Release|Win32
		{3174E6EE-D264-4E32-A7DC-E64C647EFFC2}.TestRelease|Win32.ActiveCfg = Release|Win32
		{3174E6EE-D264-4E32-A7DC-E64C647EFFC2}.TestRelease|Win32.Build.0 = Release|Win32
	EndGlobalSection
	GlobalSection(SolutionProperties) = preSolution
		HideSolutionNode = FALSE
	EndGlobalSection
EndGlobal
