Microsoft Visual Studio Solution File, Format Version 9.00
# Visual Studio 2005
Project("{8BC9CEB8-8B4A-11D0-8D11-00A0C91BC942}") = "GUI2", "GUI2\GUI2.vcproj", "{470145FC-AF5E-4140-865E-DBA00BCCDE2E}"
EndProject
Project("{8BC9CEB8-8B4A-11D0-8D11-00A0C91BC942}") = "Ressource2", "Ressource2\Ressource2.vcproj", "{C60A84D2-3512-4BD4-8529-A38FFE7D7EE4}"
EndProject
Project("{8BC9CEB8-8B4A-11D0-8D11-00A0C91BC942}") = "Loader2", "Loader2\Loader2.vcproj", "{F773C847-EB00-402B-A476-92AD6DA299FE}"
EndProject
Project("{8BC9CEB8-8B4A-11D0-8D11-00A0C91BC942}") = "IO", "IO\IO.vcproj", "{7A4940A9-C040-4663-8CBD-13E705308361}"
EndProject
Project("{8BC9CEB8-8B4A-11D0-8D11-00A0C91BC942}") = "Core2", "Core2\Core2.vcproj", "{A5C1E9B1-CBB0-4A87-A880-2111AC60DE35}"
EndProject
Project("{8BC9CEB8-8B4A-11D0-8D11-00A0C91BC942}") = "Script", "Script\Script.vcproj", "{7BED422F-85B9-439B-8BF8-D6D1A0ACB31A}"
EndProject
Project("{8BC9CEB8-8B4A-11D0-8D11-00A0C91BC942}") = "Application2", "Application2\Application2.vcproj", "{CC7818A8-F62F-459B-8A03-100C7A05A6FB}"
	ProjectSection(ProjectDependencies) = postProject
		{876D6982-86C6-4620-9A40-8FCAD06D92C6} = {876D6982-86C6-4620-9A40-8FCAD06D92C6}
	EndProjectSection
EndProject
Project("{8BC9CEB8-8B4A-11D0-8D11-00A0C91BC942}") = "FileUtils", "FileUtils\FileUtils.vcproj", "{D7555D7F-C3F6-459E-9F8D-7EC01DD47658}"
EndProject
Project("{8BC9CEB8-8B4A-11D0-8D11-00A0C91BC942}") = "WindowsGUI", "WindowsGUI\WindowsGUI.vcproj", "{3174E6EE-D264-4E32-A7DC-E64C647EFFC2}"
EndProject
Project("{8BC9CEB8-8B4A-11D0-8D11-00A0C91BC942}") = "Entity", "Entity\Entity.vcproj", "{32E0AFE8-A315-462B-BE5C-8F33567E8ED9}"
EndProject
Project("{8BC9CEB8-8B4A-11D0-8D11-00A0C91BC942}") = "Renderer", "Renderer\Renderer.vcproj", "{F1525D82-BA8C-4051-8814-E228FEFF86F8}"
	ProjectSection(ProjectDependencies) = postProject
		{876D6982-86C6-4620-9A40-8FCAD06D92C6} = {876D6982-86C6-4620-9A40-8FCAD06D92C6}
	EndProjectSection
EndProject
Project("{8BC9CEB8-8B4A-11D0-8D11-00A0C91BC942}") = "Utils2", "Utils2\Utils2.vcproj", "{876D6982-86C6-4620-9A40-8FCAD06D92C6}"
EndProject
Project("{8BC9CEB8-8B4A-11D0-8D11-00A0C91BC942}") = "Collision", "Collision\Collision.vcproj", "{E0A50D82-9221-4F3E-BD3A-30A1B05286A8}"
	ProjectSection(ProjectDependencies) = postProject
		{876D6982-86C6-4620-9A40-8FCAD06D92C6} = {876D6982-86C6-4620-9A40-8FCAD06D92C6}
	EndProjectSection
EndProject
Project("{8BC9CEB8-8B4A-11D0-8D11-00A0C91BC942}") = "Systems", "Systems\Systems.vcproj", "{11FA21FD-F944-4D11-8208-4F999E90EF60}"
	ProjectSection(ProjectDependencies) = postProject
		{876D6982-86C6-4620-9A40-8FCAD06D92C6} = {876D6982-86C6-4620-9A40-8FCAD06D92C6}
	EndProjectSection
EndProject
Project("{8BC9CEB8-8B4A-11D0-8D11-00A0C91BC942}") = "Geometry", "Geometry\Geometry.vcproj", "{CE8A8AE4-D071-4FA3-9A54-9285C51D758F}"
EndProject
Global
	GlobalSection(SolutionConfigurationPlatforms) = preSolution
		Debug|Win32 = Debug|Win32
		Debug|x64 = Debug|x64
		DebugUnicode|Win32 = DebugUnicode|Win32
		DebugUnicode|x64 = DebugUnicode|x64
		Hybrid|Win32 = Hybrid|Win32
		Hybrid|x64 = Hybrid|x64
		HybridUnicode|Win32 = HybridUnicode|Win32
		HybridUnicode|x64 = HybridUnicode|x64
		Release|Win32 = Release|Win32
		Release|x64 = Release|x64
		ReleaseUnicode|Win32 = ReleaseUnicode|Win32
		ReleaseUnicode|x64 = ReleaseUnicode|x64
		Retail|Win32 = Retail|Win32
		Retail|x64 = Retail|x64
		TestLight|Win32 = TestLight|Win32
		TestLight|x64 = TestLight|x64
		TestRelease|Win32 = TestRelease|Win32
		TestRelease|x64 = TestRelease|x64
	EndGlobalSection
	GlobalSection(ProjectConfigurationPlatforms) = postSolution
		{470145FC-AF5E-4140-865E-DBA00BCCDE2E}.Debug|Win32.ActiveCfg = Debug|Win32
		{470145FC-AF5E-4140-865E-DBA00BCCDE2E}.Debug|Win32.Build.0 = Debug|Win32
		{470145FC-AF5E-4140-865E-DBA00BCCDE2E}.Debug|x64.ActiveCfg = Debug|Win32
		{470145FC-AF5E-4140-865E-DBA00BCCDE2E}.DebugUnicode|Win32.ActiveCfg = Debug|Win32
		{470145FC-AF5E-4140-865E-DBA00BCCDE2E}.DebugUnicode|Win32.Build.0 = Debug|Win32
		{470145FC-AF5E-4140-865E-DBA00BCCDE2E}.DebugUnicode|x64.ActiveCfg = Debug|Win32
		{470145FC-AF5E-4140-865E-DBA00BCCDE2E}.Hybrid|Win32.ActiveCfg = Release|Win32
		{470145FC-AF5E-4140-865E-DBA00BCCDE2E}.Hybrid|Win32.Build.0 = Release|Win32
		{470145FC-AF5E-4140-865E-DBA00BCCDE2E}.Hybrid|x64.ActiveCfg = Release|Win32
		{470145FC-AF5E-4140-865E-DBA00BCCDE2E}.HybridUnicode|Win32.ActiveCfg = Release|Win32
		{470145FC-AF5E-4140-865E-DBA00BCCDE2E}.HybridUnicode|Win32.Build.0 = Release|Win32
		{470145FC-AF5E-4140-865E-DBA00BCCDE2E}.HybridUnicode|x64.ActiveCfg = Release|Win32
		{470145FC-AF5E-4140-865E-DBA00BCCDE2E}.Release|Win32.ActiveCfg = Release|Win32
		{470145FC-AF5E-4140-865E-DBA00BCCDE2E}.Release|Win32.Build.0 = Release|Win32
		{470145FC-AF5E-4140-865E-DBA00BCCDE2E}.Release|x64.ActiveCfg = Release|Win32
		{470145FC-AF5E-4140-865E-DBA00BCCDE2E}.ReleaseUnicode|Win32.ActiveCfg = Release|Win32
		{470145FC-AF5E-4140-865E-DBA00BCCDE2E}.ReleaseUnicode|Win32.Build.0 = Release|Win32
		{470145FC-AF5E-4140-865E-DBA00BCCDE2E}.ReleaseUnicode|x64.ActiveCfg = Release|Win32
		{470145FC-AF5E-4140-865E-DBA00BCCDE2E}.Retail|Win32.ActiveCfg = Release|Win32
		{470145FC-AF5E-4140-865E-DBA00BCCDE2E}.Retail|Win32.Build.0 = Release|Win32
		{470145FC-AF5E-4140-865E-DBA00BCCDE2E}.Retail|x64.ActiveCfg = Release|Win32
		{470145FC-AF5E-4140-865E-DBA00BCCDE2E}.TestLight|Win32.ActiveCfg = TestLight|Win32
		{470145FC-AF5E-4140-865E-DBA00BCCDE2E}.TestLight|Win32.Build.0 = TestLight|Win32
		{470145FC-AF5E-4140-865E-DBA00BCCDE2E}.TestLight|x64.ActiveCfg = TestLight|Win32
		{470145FC-AF5E-4140-865E-DBA00BCCDE2E}.TestRelease|Win32.ActiveCfg = Release|Win32
		{470145FC-AF5E-4140-865E-DBA00BCCDE2E}.TestRelease|Win32.Build.0 = Release|Win32
		{470145FC-AF5E-4140-865E-DBA00BCCDE2E}.TestRelease|x64.ActiveCfg = Release|Win32
		{C60A84D2-3512-4BD4-8529-A38FFE7D7EE4}.Debug|Win32.ActiveCfg = Debug|Win32
		{C60A84D2-3512-4BD4-8529-A38FFE7D7EE4}.Debug|Win32.Build.0 = Debug|Win32
		{C60A84D2-3512-4BD4-8529-A38FFE7D7EE4}.Debug|x64.ActiveCfg = Debug|Win32
		{C60A84D2-3512-4BD4-8529-A38FFE7D7EE4}.DebugUnicode|Win32.ActiveCfg = Debug|Win32
		{C60A84D2-3512-4BD4-8529-A38FFE7D7EE4}.DebugUnicode|Win32.Build.0 = Debug|Win32
		{C60A84D2-3512-4BD4-8529-A38FFE7D7EE4}.DebugUnicode|x64.ActiveCfg = Debug|Win32
		{C60A84D2-3512-4BD4-8529-A38FFE7D7EE4}.Hybrid|Win32.ActiveCfg = Release|Win32
		{C60A84D2-3512-4BD4-8529-A38FFE7D7EE4}.Hybrid|Win32.Build.0 = Release|Win32
		{C60A84D2-3512-4BD4-8529-A38FFE7D7EE4}.Hybrid|x64.ActiveCfg = Release|Win32
		{C60A84D2-3512-4BD4-8529-A38FFE7D7EE4}.HybridUnicode|Win32.ActiveCfg = Release|Win32
		{C60A84D2-3512-4BD4-8529-A38FFE7D7EE4}.HybridUnicode|Win32.Build.0 = Release|Win32
		{C60A84D2-3512-4BD4-8529-A38FFE7D7EE4}.HybridUnicode|x64.ActiveCfg = Release|Win32
		{C60A84D2-3512-4BD4-8529-A38FFE7D7EE4}.Release|Win32.ActiveCfg = Release|Win32
		{C60A84D2-3512-4BD4-8529-A38FFE7D7EE4}.Release|Win32.Build.0 = Release|Win32
		{C60A84D2-3512-4BD4-8529-A38FFE7D7EE4}.Release|x64.ActiveCfg = Release|Win32
		{C60A84D2-3512-4BD4-8529-A38FFE7D7EE4}.ReleaseUnicode|Win32.ActiveCfg = Release|Win32
		{C60A84D2-3512-4BD4-8529-A38FFE7D7EE4}.ReleaseUnicode|Win32.Build.0 = Release|Win32
		{C60A84D2-3512-4BD4-8529-A38FFE7D7EE4}.ReleaseUnicode|x64.ActiveCfg = Release|Win32
		{C60A84D2-3512-4BD4-8529-A38FFE7D7EE4}.Retail|Win32.ActiveCfg = Release|Win32
		{C60A84D2-3512-4BD4-8529-A38FFE7D7EE4}.Retail|Win32.Build.0 = Release|Win32
		{C60A84D2-3512-4BD4-8529-A38FFE7D7EE4}.Retail|x64.ActiveCfg = Release|Win32
		{C60A84D2-3512-4BD4-8529-A38FFE7D7EE4}.TestLight|Win32.ActiveCfg = TestLight|Win32
		{C60A84D2-3512-4BD4-8529-A38FFE7D7EE4}.TestLight|Win32.Build.0 = TestLight|Win32
		{C60A84D2-3512-4BD4-8529-A38FFE7D7EE4}.TestLight|x64.ActiveCfg = TestLight|Win32
		{C60A84D2-3512-4BD4-8529-A38FFE7D7EE4}.TestRelease|Win32.ActiveCfg = Release|Win32
		{C60A84D2-3512-4BD4-8529-A38FFE7D7EE4}.TestRelease|Win32.Build.0 = Release|Win32
		{C60A84D2-3512-4BD4-8529-A38FFE7D7EE4}.TestRelease|x64.ActiveCfg = Release|Win32
		{F773C847-EB00-402B-A476-92AD6DA299FE}.Debug|Win32.ActiveCfg = Debug|Win32
		{F773C847-EB00-402B-A476-92AD6DA299FE}.Debug|Win32.Build.0 = Debug|Win32
		{F773C847-EB00-402B-A476-92AD6DA299FE}.Debug|x64.ActiveCfg = Debug|Win32
		{F773C847-EB00-402B-A476-92AD6DA299FE}.DebugUnicode|Win32.ActiveCfg = Debug|Win32
		{F773C847-EB00-402B-A476-92AD6DA299FE}.DebugUnicode|Win32.Build.0 = Debug|Win32
		{F773C847-EB00-402B-A476-92AD6DA299FE}.DebugUnicode|x64.ActiveCfg = Debug|Win32
		{F773C847-EB00-402B-A476-92AD6DA299FE}.Hybrid|Win32.ActiveCfg = Release|Win32
		{F773C847-EB00-402B-A476-92AD6DA299FE}.Hybrid|Win32.Build.0 = Release|Win32
		{F773C847-EB00-402B-A476-92AD6DA299FE}.Hybrid|x64.ActiveCfg = Release|Win32
		{F773C847-EB00-402B-A476-92AD6DA299FE}.HybridUnicode|Win32.ActiveCfg = Release|Win32
		{F773C847-EB00-402B-A476-92AD6DA299FE}.HybridUnicode|Win32.Build.0 = Release|Win32
		{F773C847-EB00-402B-A476-92AD6DA299FE}.HybridUnicode|x64.ActiveCfg = Release|Win32
		{F773C847-EB00-402B-A476-92AD6DA299FE}.Release|Win32.ActiveCfg = Release|Win32
		{F773C847-EB00-402B-A476-92AD6DA299FE}.Release|Win32.Build.0 = Release|Win32
		{F773C847-EB00-402B-A476-92AD6DA299FE}.Release|x64.ActiveCfg = Release|Win32
		{F773C847-EB00-402B-A476-92AD6DA299FE}.ReleaseUnicode|Win32.ActiveCfg = Release|Win32
		{F773C847-EB00-402B-A476-92AD6DA299FE}.ReleaseUnicode|Win32.Build.0 = Release|Win32
		{F773C847-EB00-402B-A476-92AD6DA299FE}.ReleaseUnicode|x64.ActiveCfg = Release|Win32
		{F773C847-EB00-402B-A476-92AD6DA299FE}.Retail|Win32.ActiveCfg = Release|Win32
		{F773C847-EB00-402B-A476-92AD6DA299FE}.Retail|Win32.Build.0 = Release|Win32
		{F773C847-EB00-402B-A476-92AD6DA299FE}.Retail|x64.ActiveCfg = Release|Win32
		{F773C847-EB00-402B-A476-92AD6DA299FE}.TestLight|Win32.ActiveCfg = TestLight|Win32
		{F773C847-EB00-402B-A476-92AD6DA299FE}.TestLight|Win32.Build.0 = TestLight|Win32
		{F773C847-EB00-402B-A476-92AD6DA299FE}.TestLight|x64.ActiveCfg = TestLight|Win32
		{F773C847-EB00-402B-A476-92AD6DA299FE}.TestRelease|Win32.ActiveCfg = Release|Win32
		{F773C847-EB00-402B-A476-92AD6DA299FE}.TestRelease|Win32.Build.0 = Release|Win32
		{F773C847-EB00-402B-A476-92AD6DA299FE}.TestRelease|x64.ActiveCfg = Release|Win32
		{7A4940A9-C040-4663-8CBD-13E705308361}.Debug|Win32.ActiveCfg = Debug|Win32
		{7A4940A9-C040-4663-8CBD-13E705308361}.Debug|Win32.Build.0 = Debug|Win32
		{7A4940A9-C040-4663-8CBD-13E705308361}.Debug|x64.ActiveCfg = Debug|Win32
		{7A4940A9-C040-4663-8CBD-13E705308361}.DebugUnicode|Win32.ActiveCfg = Debug|Win32
		{7A4940A9-C040-4663-8CBD-13E705308361}.DebugUnicode|Win32.Build.0 = Debug|Win32
		{7A4940A9-C040-4663-8CBD-13E705308361}.DebugUnicode|x64.ActiveCfg = Debug|Win32
		{7A4940A9-C040-4663-8CBD-13E705308361}.Hybrid|Win32.ActiveCfg = Release|Win32
		{7A4940A9-C040-4663-8CBD-13E705308361}.Hybrid|Win32.Build.0 = Release|Win32
		{7A4940A9-C040-4663-8CBD-13E705308361}.Hybrid|x64.ActiveCfg = Release|Win32
		{7A4940A9-C040-4663-8CBD-13E705308361}.HybridUnicode|Win32.ActiveCfg = Release|Win32
		{7A4940A9-C040-4663-8CBD-13E705308361}.HybridUnicode|Win32.Build.0 = Release|Win32
		{7A4940A9-C040-4663-8CBD-13E705308361}.HybridUnicode|x64.ActiveCfg = Release|Win32
		{7A4940A9-C040-4663-8CBD-13E705308361}.Release|Win32.ActiveCfg = Release|Win32
		{7A4940A9-C040-4663-8CBD-13E705308361}.Release|Win32.Build.0 = Release|Win32
		{7A4940A9-C040-4663-8CBD-13E705308361}.Release|x64.ActiveCfg = Release|Win32
		{7A4940A9-C040-4663-8CBD-13E705308361}.ReleaseUnicode|Win32.ActiveCfg = Release|Win32
		{7A4940A9-C040-4663-8CBD-13E705308361}.ReleaseUnicode|Win32.Build.0 = Release|Win32
		{7A4940A9-C040-4663-8CBD-13E705308361}.ReleaseUnicode|x64.ActiveCfg = Release|Win32
		{7A4940A9-C040-4663-8CBD-13E705308361}.Retail|Win32.ActiveCfg = Release|Win32
		{7A4940A9-C040-4663-8CBD-13E705308361}.Retail|Win32.Build.0 = Release|Win32
		{7A4940A9-C040-4663-8CBD-13E705308361}.Retail|x64.ActiveCfg = Release|Win32
		{7A4940A9-C040-4663-8CBD-13E705308361}.TestLight|Win32.ActiveCfg = TestLight|Win32
		{7A4940A9-C040-4663-8CBD-13E705308361}.TestLight|Win32.Build.0 = TestLight|Win32
		{7A4940A9-C040-4663-8CBD-13E705308361}.TestLight|x64.ActiveCfg = TestLight|Win32
		{7A4940A9-C040-4663-8CBD-13E705308361}.TestRelease|Win32.ActiveCfg = Release|Win32
		{7A4940A9-C040-4663-8CBD-13E705308361}.TestRelease|Win32.Build.0 = Release|Win32
		{7A4940A9-C040-4663-8CBD-13E705308361}.TestRelease|x64.ActiveCfg = Release|Win32
		{A5C1E9B1-CBB0-4A87-A880-2111AC60DE35}.Debug|Win32.ActiveCfg = Debug|Win32
		{A5C1E9B1-CBB0-4A87-A880-2111AC60DE35}.Debug|Win32.Build.0 = Debug|Win32
		{A5C1E9B1-CBB0-4A87-A880-2111AC60DE35}.Debug|x64.ActiveCfg = Debug|Win32
		{A5C1E9B1-CBB0-4A87-A880-2111AC60DE35}.DebugUnicode|Win32.ActiveCfg = Debug|Win32
		{A5C1E9B1-CBB0-4A87-A880-2111AC60DE35}.DebugUnicode|Win32.Build.0 = Debug|Win32
		{A5C1E9B1-CBB0-4A87-A880-2111AC60DE35}.DebugUnicode|x64.ActiveCfg = Debug|Win32
		{A5C1E9B1-CBB0-4A87-A880-2111AC60DE35}.Hybrid|Win32.ActiveCfg = Release|Win32
		{A5C1E9B1-CBB0-4A87-A880-2111AC60DE35}.Hybrid|Win32.Build.0 = Release|Win32
		{A5C1E9B1-CBB0-4A87-A880-2111AC60DE35}.Hybrid|x64.ActiveCfg = Release|Win32
		{A5C1E9B1-CBB0-4A87-A880-2111AC60DE35}.HybridUnicode|Win32.ActiveCfg = Release|Win32
		{A5C1E9B1-CBB0-4A87-A880-2111AC60DE35}.HybridUnicode|Win32.Build.0 = Release|Win32
		{A5C1E9B1-CBB0-4A87-A880-2111AC60DE35}.HybridUnicode|x64.ActiveCfg = Release|Win32
		{A5C1E9B1-CBB0-4A87-A880-2111AC60DE35}.Release|Win32.ActiveCfg = Release|Win32
		{A5C1E9B1-CBB0-4A87-A880-2111AC60DE35}.Release|Win32.Build.0 = Release|Win32
		{A5C1E9B1-CBB0-4A87-A880-2111AC60DE35}.Release|x64.ActiveCfg = Release|Win32
		{A5C1E9B1-CBB0-4A87-A880-2111AC60DE35}.ReleaseUnicode|Win32.ActiveCfg = Release|Win32
		{A5C1E9B1-CBB0-4A87-A880-2111AC60DE35}.ReleaseUnicode|Win32.Build.0 = Release|Win32
		{A5C1E9B1-CBB0-4A87-A880-2111AC60DE35}.ReleaseUnicode|x64.ActiveCfg = Release|Win32
		{A5C1E9B1-CBB0-4A87-A880-2111AC60DE35}.Retail|Win32.ActiveCfg = Release|Win32
		{A5C1E9B1-CBB0-4A87-A880-2111AC60DE35}.Retail|Win32.Build.0 = Release|Win32
		{A5C1E9B1-CBB0-4A87-A880-2111AC60DE35}.Retail|x64.ActiveCfg = Release|Win32
		{A5C1E9B1-CBB0-4A87-A880-2111AC60DE35}.TestLight|Win32.ActiveCfg = TestLight|Win32
		{A5C1E9B1-CBB0-4A87-A880-2111AC60DE35}.TestLight|Win32.Build.0 = TestLight|Win32
		{A5C1E9B1-CBB0-4A87-A880-2111AC60DE35}.TestLight|x64.ActiveCfg = TestLight|Win32
		{A5C1E9B1-CBB0-4A87-A880-2111AC60DE35}.TestRelease|Win32.ActiveCfg = Release|Win32
		{A5C1E9B1-CBB0-4A87-A880-2111AC60DE35}.TestRelease|Win32.Build.0 = Release|Win32
		{A5C1E9B1-CBB0-4A87-A880-2111AC60DE35}.TestRelease|x64.ActiveCfg = Release|Win32
		{7BED422F-85B9-439B-8BF8-D6D1A0ACB31A}.Debug|Win32.ActiveCfg = Debug|Win32
		{7BED422F-85B9-439B-8BF8-D6D1A0ACB31A}.Debug|Win32.Build.0 = Debug|Win32
		{7BED422F-85B9-439B-8BF8-D6D1A0ACB31A}.Debug|x64.ActiveCfg = Debug|Win32
		{7BED422F-85B9-439B-8BF8-D6D1A0ACB31A}.DebugUnicode|Win32.ActiveCfg = Debug|Win32
		{7BED422F-85B9-439B-8BF8-D6D1A0ACB31A}.DebugUnicode|Win32.Build.0 = Debug|Win32
		{7BED422F-85B9-439B-8BF8-D6D1A0ACB31A}.DebugUnicode|x64.ActiveCfg = Debug|Win32
		{7BED422F-85B9-439B-8BF8-D6D1A0ACB31A}.Hybrid|Win32.ActiveCfg = Release|Win32
		{7BED422F-85B9-439B-8BF8-D6D1A0ACB31A}.Hybrid|Win32.Build.0 = Release|Win32
		{7BED422F-85B9-439B-8BF8-D6D1A0ACB31A}.Hybrid|x64.ActiveCfg = Release|Win32
		{7BED422F-85B9-439B-8BF8-D6D1A0ACB31A}.HybridUnicode|Win32.ActiveCfg = Release|Win32
		{7BED422F-85B9-439B-8BF8-D6D1A0ACB31A}.HybridUnicode|Win32.Build.0 = Release|Win32
		{7BED422F-85B9-439B-8BF8-D6D1A0ACB31A}.HybridUnicode|x64.ActiveCfg = Release|Win32
		{7BED422F-85B9-439B-8BF8-D6D1A0ACB31A}.Release|Win32.ActiveCfg = Release|Win32
		{7BED422F-85B9-439B-8BF8-D6D1A0ACB31A}.Release|Win32.Build.0 = Release|Win32
		{7BED422F-85B9-439B-8BF8-D6D1A0ACB31A}.Release|x64.ActiveCfg = Release|Win32
		{7BED422F-85B9-439B-8BF8-D6D1A0ACB31A}.ReleaseUnicode|Win32.ActiveCfg = Release|Win32
		{7BED422F-85B9-439B-8BF8-D6D1A0ACB31A}.ReleaseUnicode|Win32.Build.0 = Release|Win32
		{7BED422F-85B9-439B-8BF8-D6D1A0ACB31A}.ReleaseUnicode|x64.ActiveCfg = Release|Win32
		{7BED422F-85B9-439B-8BF8-D6D1A0ACB31A}.Retail|Win32.ActiveCfg = Release|Win32
		{7BED422F-85B9-439B-8BF8-D6D1A0ACB31A}.Retail|Win32.Build.0 = Release|Win32
		{7BED422F-85B9-439B-8BF8-D6D1A0ACB31A}.Retail|x64.ActiveCfg = Release|Win32
		{7BED422F-85B9-439B-8BF8-D6D1A0ACB31A}.TestLight|Win32.ActiveCfg = TestLight|Win32
		{7BED422F-85B9-439B-8BF8-D6D1A0ACB31A}.TestLight|Win32.Build.0 = TestLight|Win32
		{7BED422F-85B9-439B-8BF8-D6D1A0ACB31A}.TestLight|x64.ActiveCfg = TestLight|Win32
		{7BED422F-85B9-439B-8BF8-D6D1A0ACB31A}.TestRelease|Win32.ActiveCfg = Release|Win32
		{7BED422F-85B9-439B-8BF8-D6D1A0ACB31A}.TestRelease|Win32.Build.0 = Release|Win32
		{7BED422F-85B9-439B-8BF8-D6D1A0ACB31A}.TestRelease|x64.ActiveCfg = Release|Win32
		{CC7818A8-F62F-459B-8A03-100C7A05A6FB}.Debug|Win32.ActiveCfg = Debug|Win32
		{CC7818A8-F62F-459B-8A03-100C7A05A6FB}.Debug|Win32.Build.0 = Debug|Win32
		{CC7818A8-F62F-459B-8A03-100C7A05A6FB}.Debug|x64.ActiveCfg = Debug|Win32
		{CC7818A8-F62F-459B-8A03-100C7A05A6FB}.DebugUnicode|Win32.ActiveCfg = Debug|Win32
		{CC7818A8-F62F-459B-8A03-100C7A05A6FB}.DebugUnicode|Win32.Build.0 = Debug|Win32
		{CC7818A8-F62F-459B-8A03-100C7A05A6FB}.DebugUnicode|x64.ActiveCfg = Debug|Win32
		{CC7818A8-F62F-459B-8A03-100C7A05A6FB}.Hybrid|Win32.ActiveCfg = Release|Win32
		{CC7818A8-F62F-459B-8A03-100C7A05A6FB}.Hybrid|Win32.Build.0 = Release|Win32
		{CC7818A8-F62F-459B-8A03-100C7A05A6FB}.Hybrid|x64.ActiveCfg = Release|Win32
		{CC7818A8-F62F-459B-8A03-100C7A05A6FB}.HybridUnicode|Win32.ActiveCfg = Release|Win32
		{CC7818A8-F62F-459B-8A03-100C7A05A6FB}.HybridUnicode|Win32.Build.0 = Release|Win32
		{CC7818A8-F62F-459B-8A03-100C7A05A6FB}.HybridUnicode|x64.ActiveCfg = Release|Win32
		{CC7818A8-F62F-459B-8A03-100C7A05A6FB}.Release|Win32.ActiveCfg = Release|Win32
		{CC7818A8-F62F-459B-8A03-100C7A05A6FB}.Release|Win32.Build.0 = Release|Win32
		{CC7818A8-F62F-459B-8A03-100C7A05A6FB}.Release|x64.ActiveCfg = Release|Win32
		{CC7818A8-F62F-459B-8A03-100C7A05A6FB}.ReleaseUnicode|Win32.ActiveCfg = Release|Win32
		{CC7818A8-F62F-459B-8A03-100C7A05A6FB}.ReleaseUnicode|Win32.Build.0 = Release|Win32
		{CC7818A8-F62F-459B-8A03-100C7A05A6FB}.ReleaseUnicode|x64.ActiveCfg = Release|Win32
		{CC7818A8-F62F-459B-8A03-100C7A05A6FB}.Retail|Win32.ActiveCfg = Release|Win32
		{CC7818A8-F62F-459B-8A03-100C7A05A6FB}.Retail|Win32.Build.0 = Release|Win32
		{CC7818A8-F62F-459B-8A03-100C7A05A6FB}.Retail|x64.ActiveCfg = Release|Win32
		{CC7818A8-F62F-459B-8A03-100C7A05A6FB}.TestLight|Win32.ActiveCfg = TestLight|Win32
		{CC7818A8-F62F-459B-8A03-100C7A05A6FB}.TestLight|Win32.Build.0 = TestLight|Win32
		{CC7818A8-F62F-459B-8A03-100C7A05A6FB}.TestLight|x64.ActiveCfg = TestLight|Win32
		{CC7818A8-F62F-459B-8A03-100C7A05A6FB}.TestRelease|Win32.ActiveCfg = Release|Win32
		{CC7818A8-F62F-459B-8A03-100C7A05A6FB}.TestRelease|Win32.Build.0 = Release|Win32
		{CC7818A8-F62F-459B-8A03-100C7A05A6FB}.TestRelease|x64.ActiveCfg = Release|Win32
		{D7555D7F-C3F6-459E-9F8D-7EC01DD47658}.Debug|Win32.ActiveCfg = Debug|Win32
		{D7555D7F-C3F6-459E-9F8D-7EC01DD47658}.Debug|Win32.Build.0 = Debug|Win32
		{D7555D7F-C3F6-459E-9F8D-7EC01DD47658}.Debug|x64.ActiveCfg = Debug|Win32
		{D7555D7F-C3F6-459E-9F8D-7EC01DD47658}.DebugUnicode|Win32.ActiveCfg = Debug|Win32
		{D7555D7F-C3F6-459E-9F8D-7EC01DD47658}.DebugUnicode|Win32.Build.0 = Debug|Win32
		{D7555D7F-C3F6-459E-9F8D-7EC01DD47658}.DebugUnicode|x64.ActiveCfg = Debug|Win32
		{D7555D7F-C3F6-459E-9F8D-7EC01DD47658}.Hybrid|Win32.ActiveCfg = Release|Win32
		{D7555D7F-C3F6-459E-9F8D-7EC01DD47658}.Hybrid|Win32.Build.0 = Release|Win32
		{D7555D7F-C3F6-459E-9F8D-7EC01DD47658}.Hybrid|x64.ActiveCfg = Release|Win32
		{D7555D7F-C3F6-459E-9F8D-7EC01DD47658}.HybridUnicode|Win32.ActiveCfg = Release|Win32
		{D7555D7F-C3F6-459E-9F8D-7EC01DD47658}.HybridUnicode|Win32.Build.0 = Release|Win32
		{D7555D7F-C3F6-459E-9F8D-7EC01DD47658}.HybridUnicode|x64.ActiveCfg = Release|Win32
		{D7555D7F-C3F6-459E-9F8D-7EC01DD47658}.Release|Win32.ActiveCfg = Release|Win32
		{D7555D7F-C3F6-459E-9F8D-7EC01DD47658}.Release|Win32.Build.0 = Release|Win32
		{D7555D7F-C3F6-459E-9F8D-7EC01DD47658}.Release|x64.ActiveCfg = Release|Win32
		{D7555D7F-C3F6-459E-9F8D-7EC01DD47658}.ReleaseUnicode|Win32.ActiveCfg = Release|Win32
		{D7555D7F-C3F6-459E-9F8D-7EC01DD47658}.ReleaseUnicode|Win32.Build.0 = Release|Win32
		{D7555D7F-C3F6-459E-9F8D-7EC01DD47658}.ReleaseUnicode|x64.ActiveCfg = Release|Win32
		{D7555D7F-C3F6-459E-9F8D-7EC01DD47658}.Retail|Win32.ActiveCfg = Release|Win32
		{D7555D7F-C3F6-459E-9F8D-7EC01DD47658}.Retail|Win32.Build.0 = Release|Win32
		{D7555D7F-C3F6-459E-9F8D-7EC01DD47658}.Retail|x64.ActiveCfg = Release|Win32
		{D7555D7F-C3F6-459E-9F8D-7EC01DD47658}.TestLight|Win32.ActiveCfg = TestLight|Win32
		{D7555D7F-C3F6-459E-9F8D-7EC01DD47658}.TestLight|Win32.Build.0 = TestLight|Win32
		{D7555D7F-C3F6-459E-9F8D-7EC01DD47658}.TestLight|x64.ActiveCfg = TestLight|Win32
		{D7555D7F-C3F6-459E-9F8D-7EC01DD47658}.TestRelease|Win32.ActiveCfg = Release|Win32
		{D7555D7F-C3F6-459E-9F8D-7EC01DD47658}.TestRelease|Win32.Build.0 = Release|Win32
		{D7555D7F-C3F6-459E-9F8D-7EC01DD47658}.TestRelease|x64.ActiveCfg = Release|Win32
		{3174E6EE-D264-4E32-A7DC-E64C647EFFC2}.Debug|Win32.ActiveCfg = Debug|Win32
		{3174E6EE-D264-4E32-A7DC-E64C647EFFC2}.Debug|Win32.Build.0 = Debug|Win32
		{3174E6EE-D264-4E32-A7DC-E64C647EFFC2}.Debug|x64.ActiveCfg = Debug|Win32
		{3174E6EE-D264-4E32-A7DC-E64C647EFFC2}.DebugUnicode|Win32.ActiveCfg = Debug|Win32
		{3174E6EE-D264-4E32-A7DC-E64C647EFFC2}.DebugUnicode|Win32.Build.0 = Debug|Win32
		{3174E6EE-D264-4E32-A7DC-E64C647EFFC2}.DebugUnicode|x64.ActiveCfg = Debug|Win32
		{3174E6EE-D264-4E32-A7DC-E64C647EFFC2}.Hybrid|Win32.ActiveCfg = Release|Win32
		{3174E6EE-D264-4E32-A7DC-E64C647EFFC2}.Hybrid|Win32.Build.0 = Release|Win32
		{3174E6EE-D264-4E32-A7DC-E64C647EFFC2}.Hybrid|x64.ActiveCfg = Release|Win32
		{3174E6EE-D264-4E32-A7DC-E64C647EFFC2}.HybridUnicode|Win32.ActiveCfg = Release|Win32
		{3174E6EE-D264-4E32-A7DC-E64C647EFFC2}.HybridUnicode|Win32.Build.0 = Release|Win32
		{3174E6EE-D264-4E32-A7DC-E64C647EFFC2}.HybridUnicode|x64.ActiveCfg = Release|Win32
		{3174E6EE-D264-4E32-A7DC-E64C647EFFC2}.Release|Win32.ActiveCfg = Release|Win32
		{3174E6EE-D264-4E32-A7DC-E64C647EFFC2}.Release|Win32.Build.0 = Release|Win32
		{3174E6EE-D264-4E32-A7DC-E64C647EFFC2}.Release|x64.ActiveCfg = Release|Win32
		{3174E6EE-D264-4E32-A7DC-E64C647EFFC2}.ReleaseUnicode|Win32.ActiveCfg = Release|Win32
		{3174E6EE-D264-4E32-A7DC-E64C647EFFC2}.ReleaseUnicode|Win32.Build.0 = Release|Win32
		{3174E6EE-D264-4E32-A7DC-E64C647EFFC2}.ReleaseUnicode|x64.ActiveCfg = Release|Win32
		{3174E6EE-D264-4E32-A7DC-E64C647EFFC2}.Retail|Win32.ActiveCfg = Release|Win32
		{3174E6EE-D264-4E32-A7DC-E64C647EFFC2}.Retail|Win32.Build.0 = Release|Win32
		{3174E6EE-D264-4E32-A7DC-E64C647EFFC2}.Retail|x64.ActiveCfg = Release|Win32
		{3174E6EE-D264-4E32-A7DC-E64C647EFFC2}.TestLight|Win32.ActiveCfg = TestLight|Win32
		{3174E6EE-D264-4E32-A7DC-E64C647EFFC2}.TestLight|Win32.Build.0 = TestLight|Win32
		{3174E6EE-D264-4E32-A7DC-E64C647EFFC2}.TestLight|x64.ActiveCfg = TestLight|Win32
		{3174E6EE-D264-4E32-A7DC-E64C647EFFC2}.TestRelease|Win32.ActiveCfg = Release|Win32
		{3174E6EE-D264-4E32-A7DC-E64C647EFFC2}.TestRelease|Win32.Build.0 = Release|Win32
		{3174E6EE-D264-4E32-A7DC-E64C647EFFC2}.TestRelease|x64.ActiveCfg = Release|Win32
		{32E0AFE8-A315-462B-BE5C-8F33567E8ED9}.Debug|Win32.ActiveCfg = Debug|Win32
		{32E0AFE8-A315-462B-BE5C-8F33567E8ED9}.Debug|Win32.Build.0 = Debug|Win32
		{32E0AFE8-A315-462B-BE5C-8F33567E8ED9}.Debug|x64.ActiveCfg = Debug|Win32
		{32E0AFE8-A315-462B-BE5C-8F33567E8ED9}.DebugUnicode|Win32.ActiveCfg = Debug|Win32
		{32E0AFE8-A315-462B-BE5C-8F33567E8ED9}.DebugUnicode|Win32.Build.0 = Debug|Win32
		{32E0AFE8-A315-462B-BE5C-8F33567E8ED9}.DebugUnicode|x64.ActiveCfg = Debug|Win32
		{32E0AFE8-A315-462B-BE5C-8F33567E8ED9}.Hybrid|Win32.ActiveCfg = Release|Win32
		{32E0AFE8-A315-462B-BE5C-8F33567E8ED9}.Hybrid|Win32.Build.0 = Release|Win32
		{32E0AFE8-A315-462B-BE5C-8F33567E8ED9}.Hybrid|x64.ActiveCfg = Release|Win32
		{32E0AFE8-A315-462B-BE5C-8F33567E8ED9}.HybridUnicode|Win32.ActiveCfg = Release|Win32
		{32E0AFE8-A315-462B-BE5C-8F33567E8ED9}.HybridUnicode|Win32.Build.0 = Release|Win32
		{32E0AFE8-A315-462B-BE5C-8F33567E8ED9}.HybridUnicode|x64.ActiveCfg = Release|Win32
		{32E0AFE8-A315-462B-BE5C-8F33567E8ED9}.Release|Win32.ActiveCfg = Release|Win32
		{32E0AFE8-A315-462B-BE5C-8F33567E8ED9}.Release|Win32.Build.0 = Release|Win32
		{32E0AFE8-A315-462B-BE5C-8F33567E8ED9}.Release|x64.ActiveCfg = Release|Win32
		{32E0AFE8-A315-462B-BE5C-8F33567E8ED9}.ReleaseUnicode|Win32.ActiveCfg = Release|Win32
		{32E0AFE8-A315-462B-BE5C-8F33567E8ED9}.ReleaseUnicode|Win32.Build.0 = Release|Win32
		{32E0AFE8-A315-462B-BE5C-8F33567E8ED9}.ReleaseUnicode|x64.ActiveCfg = Release|Win32
		{32E0AFE8-A315-462B-BE5C-8F33567E8ED9}.Retail|Win32.ActiveCfg = Release|Win32
		{32E0AFE8-A315-462B-BE5C-8F33567E8ED9}.Retail|Win32.Build.0 = Release|Win32
		{32E0AFE8-A315-462B-BE5C-8F33567E8ED9}.Retail|x64.ActiveCfg = Release|Win32
		{32E0AFE8-A315-462B-BE5C-8F33567E8ED9}.TestLight|Win32.ActiveCfg = TestLight|Win32
		{32E0AFE8-A315-462B-BE5C-8F33567E8ED9}.TestLight|Win32.Build.0 = TestLight|Win32
		{32E0AFE8-A315-462B-BE5C-8F33567E8ED9}.TestLight|x64.ActiveCfg = TestLight|Win32
		{32E0AFE8-A315-462B-BE5C-8F33567E8ED9}.TestRelease|Win32.ActiveCfg = Release|Win32
		{32E0AFE8-A315-462B-BE5C-8F33567E8ED9}.TestRelease|Win32.Build.0 = Release|Win32
		{32E0AFE8-A315-462B-BE5C-8F33567E8ED9}.TestRelease|x64.ActiveCfg = Release|Win32
		{F1525D82-BA8C-4051-8814-E228FEFF86F8}.Debug|Win32.ActiveCfg = Debug|Win32
		{F1525D82-BA8C-4051-8814-E228FEFF86F8}.Debug|Win32.Build.0 = Debug|Win32
		{F1525D82-BA8C-4051-8814-E228FEFF86F8}.Debug|x64.ActiveCfg = Debug|Win32
		{F1525D82-BA8C-4051-8814-E228FEFF86F8}.DebugUnicode|Win32.ActiveCfg = Debug|Win32
		{F1525D82-BA8C-4051-8814-E228FEFF86F8}.DebugUnicode|Win32.Build.0 = Debug|Win32
		{F1525D82-BA8C-4051-8814-E228FEFF86F8}.DebugUnicode|x64.ActiveCfg = Debug|Win32
		{F1525D82-BA8C-4051-8814-E228FEFF86F8}.Hybrid|Win32.ActiveCfg = Release|Win32
		{F1525D82-BA8C-4051-8814-E228FEFF86F8}.Hybrid|Win32.Build.0 = Release|Win32
		{F1525D82-BA8C-4051-8814-E228FEFF86F8}.Hybrid|x64.ActiveCfg = Release|Win32
		{F1525D82-BA8C-4051-8814-E228FEFF86F8}.HybridUnicode|Win32.ActiveCfg = Release|Win32
		{F1525D82-BA8C-4051-8814-E228FEFF86F8}.HybridUnicode|Win32.Build.0 = Release|Win32
		{F1525D82-BA8C-4051-8814-E228FEFF86F8}.HybridUnicode|x64.ActiveCfg = Release|Win32
		{F1525D82-BA8C-4051-8814-E228FEFF86F8}.Release|Win32.ActiveCfg = Release|Win32
		{F1525D82-BA8C-4051-8814-E228FEFF86F8}.Release|Win32.Build.0 = Release|Win32
		{F1525D82-BA8C-4051-8814-E228FEFF86F8}.Release|x64.ActiveCfg = Release|Win32
		{F1525D82-BA8C-4051-8814-E228FEFF86F8}.ReleaseUnicode|Win32.ActiveCfg = Release|Win32
		{F1525D82-BA8C-4051-8814-E228FEFF86F8}.ReleaseUnicode|Win32.Build.0 = Release|Win32
		{F1525D82-BA8C-4051-8814-E228FEFF86F8}.ReleaseUnicode|x64.ActiveCfg = Release|Win32
		{F1525D82-BA8C-4051-8814-E228FEFF86F8}.Retail|Win32.ActiveCfg = Release|Win32
		{F1525D82-BA8C-4051-8814-E228FEFF86F8}.Retail|Win32.Build.0 = Release|Win32
		{F1525D82-BA8C-4051-8814-E228FEFF86F8}.Retail|x64.ActiveCfg = Release|Win32
		{F1525D82-BA8C-4051-8814-E228FEFF86F8}.TestLight|Win32.ActiveCfg = TestLight|Win32
		{F1525D82-BA8C-4051-8814-E228FEFF86F8}.TestLight|Win32.Build.0 = TestLight|Win32
		{F1525D82-BA8C-4051-8814-E228FEFF86F8}.TestLight|x64.ActiveCfg = TestLight|Win32
		{F1525D82-BA8C-4051-8814-E228FEFF86F8}.TestRelease|Win32.ActiveCfg = Release|Win32
		{F1525D82-BA8C-4051-8814-E228FEFF86F8}.TestRelease|Win32.Build.0 = Release|Win32
		{F1525D82-BA8C-4051-8814-E228FEFF86F8}.TestRelease|x64.ActiveCfg = Release|Win32
		{876D6982-86C6-4620-9A40-8FCAD06D92C6}.Debug|Win32.ActiveCfg = Debug|Win32
		{876D6982-86C6-4620-9A40-8FCAD06D92C6}.Debug|Win32.Build.0 = Debug|Win32
		{876D6982-86C6-4620-9A40-8FCAD06D92C6}.Debug|x64.ActiveCfg = Debug|Win32
		{876D6982-86C6-4620-9A40-8FCAD06D92C6}.DebugUnicode|Win32.ActiveCfg = Debug|Win32
		{876D6982-86C6-4620-9A40-8FCAD06D92C6}.DebugUnicode|Win32.Build.0 = Debug|Win32
		{876D6982-86C6-4620-9A40-8FCAD06D92C6}.DebugUnicode|x64.ActiveCfg = Debug|Win32
		{876D6982-86C6-4620-9A40-8FCAD06D92C6}.Hybrid|Win32.ActiveCfg = Release|Win32
		{876D6982-86C6-4620-9A40-8FCAD06D92C6}.Hybrid|Win32.Build.0 = Release|Win32
		{876D6982-86C6-4620-9A40-8FCAD06D92C6}.Hybrid|x64.ActiveCfg = Release|Win32
		{876D6982-86C6-4620-9A40-8FCAD06D92C6}.HybridUnicode|Win32.ActiveCfg = Release|Win32
		{876D6982-86C6-4620-9A40-8FCAD06D92C6}.HybridUnicode|Win32.Build.0 = Release|Win32
		{876D6982-86C6-4620-9A40-8FCAD06D92C6}.HybridUnicode|x64.ActiveCfg = Release|Win32
		{876D6982-86C6-4620-9A40-8FCAD06D92C6}.Release|Win32.ActiveCfg = Release|Win32
		{876D6982-86C6-4620-9A40-8FCAD06D92C6}.Release|Win32.Build.0 = Release|Win32
		{876D6982-86C6-4620-9A40-8FCAD06D92C6}.Release|x64.ActiveCfg = Release|Win32
		{876D6982-86C6-4620-9A40-8FCAD06D92C6}.ReleaseUnicode|Win32.ActiveCfg = Release|Win32
		{876D6982-86C6-4620-9A40-8FCAD06D92C6}.ReleaseUnicode|Win32.Build.0 = Release|Win32
		{876D6982-86C6-4620-9A40-8FCAD06D92C6}.ReleaseUnicode|x64.ActiveCfg = Release|Win32
		{876D6982-86C6-4620-9A40-8FCAD06D92C6}.Retail|Win32.ActiveCfg = Release|Win32
		{876D6982-86C6-4620-9A40-8FCAD06D92C6}.Retail|Win32.Build.0 = Release|Win32
		{876D6982-86C6-4620-9A40-8FCAD06D92C6}.Retail|x64.ActiveCfg = Release|Win32
		{876D6982-86C6-4620-9A40-8FCAD06D92C6}.TestLight|Win32.ActiveCfg = TestLight|Win32
		{876D6982-86C6-4620-9A40-8FCAD06D92C6}.TestLight|Win32.Build.0 = TestLight|Win32
		{876D6982-86C6-4620-9A40-8FCAD06D92C6}.TestLight|x64.ActiveCfg = TestLight|Win32
		{876D6982-86C6-4620-9A40-8FCAD06D92C6}.TestRelease|Win32.ActiveCfg = Release|Win32
		{876D6982-86C6-4620-9A40-8FCAD06D92C6}.TestRelease|Win32.Build.0 = Release|Win32
		{876D6982-86C6-4620-9A40-8FCAD06D92C6}.TestRelease|x64.ActiveCfg = Release|Win32
		{E0A50D82-9221-4F3E-BD3A-30A1B05286A8}.Debug|Win32.ActiveCfg = Debug|Win32
		{E0A50D82-9221-4F3E-BD3A-30A1B05286A8}.Debug|Win32.Build.0 = Debug|Win32
		{E0A50D82-9221-4F3E-BD3A-30A1B05286A8}.Debug|x64.ActiveCfg = Debug|Win32
		{E0A50D82-9221-4F3E-BD3A-30A1B05286A8}.DebugUnicode|Win32.ActiveCfg = Debug|Win32
		{E0A50D82-9221-4F3E-BD3A-30A1B05286A8}.DebugUnicode|Win32.Build.0 = Debug|Win32
		{E0A50D82-9221-4F3E-BD3A-30A1B05286A8}.DebugUnicode|x64.ActiveCfg = Debug|Win32
		{E0A50D82-9221-4F3E-BD3A-30A1B05286A8}.Hybrid|Win32.ActiveCfg = Release|Win32
		{E0A50D82-9221-4F3E-BD3A-30A1B05286A8}.Hybrid|Win32.Build.0 = Release|Win32
		{E0A50D82-9221-4F3E-BD3A-30A1B05286A8}.Hybrid|x64.ActiveCfg = Release|Win32
		{E0A50D82-9221-4F3E-BD3A-30A1B05286A8}.HybridUnicode|Win32.ActiveCfg = Release|Win32
		{E0A50D82-9221-4F3E-BD3A-30A1B05286A8}.HybridUnicode|Win32.Build.0 = Release|Win32
		{E0A50D82-9221-4F3E-BD3A-30A1B05286A8}.HybridUnicode|x64.ActiveCfg = Release|Win32
		{E0A50D82-9221-4F3E-BD3A-30A1B05286A8}.Release|Win32.ActiveCfg = Release|Win32
		{E0A50D82-9221-4F3E-BD3A-30A1B05286A8}.Release|Win32.Build.0 = Release|Win32
		{E0A50D82-9221-4F3E-BD3A-30A1B05286A8}.Release|x64.ActiveCfg = Release|Win32
		{E0A50D82-9221-4F3E-BD3A-30A1B05286A8}.ReleaseUnicode|Win32.ActiveCfg = Release|Win32
		{E0A50D82-9221-4F3E-BD3A-30A1B05286A8}.ReleaseUnicode|Win32.Build.0 = Release|Win32
		{E0A50D82-9221-4F3E-BD3A-30A1B05286A8}.ReleaseUnicode|x64.ActiveCfg = Release|Win32
		{E0A50D82-9221-4F3E-BD3A-30A1B05286A8}.Retail|Win32.ActiveCfg = Release|Win32
		{E0A50D82-9221-4F3E-BD3A-30A1B05286A8}.Retail|Win32.Build.0 = Release|Win32
		{E0A50D82-9221-4F3E-BD3A-30A1B05286A8}.Retail|x64.ActiveCfg = Release|Win32
		{E0A50D82-9221-4F3E-BD3A-30A1B05286A8}.TestLight|Win32.ActiveCfg = Release|Win32
		{E0A50D82-9221-4F3E-BD3A-30A1B05286A8}.TestLight|Win32.Build.0 = Release|Win32
		{E0A50D82-9221-4F3E-BD3A-30A1B05286A8}.TestLight|x64.ActiveCfg = Release|Win32
		{E0A50D82-9221-4F3E-BD3A-30A1B05286A8}.TestRelease|Win32.ActiveCfg = Release|Win32
		{E0A50D82-9221-4F3E-BD3A-30A1B05286A8}.TestRelease|Win32.Build.0 = Release|Win32
		{E0A50D82-9221-4F3E-BD3A-30A1B05286A8}.TestRelease|x64.ActiveCfg = Release|Win32
		{11FA21FD-F944-4D11-8208-4F999E90EF60}.Debug|Win32.ActiveCfg = Debug|Win32
		{11FA21FD-F944-4D11-8208-4F999E90EF60}.Debug|Win32.Build.0 = Debug|Win32
		{11FA21FD-F944-4D11-8208-4F999E90EF60}.Debug|x64.ActiveCfg = Debug|Win32
		{11FA21FD-F944-4D11-8208-4F999E90EF60}.DebugUnicode|Win32.ActiveCfg = Debug|Win32
		{11FA21FD-F944-4D11-8208-4F999E90EF60}.DebugUnicode|Win32.Build.0 = Debug|Win32
		{11FA21FD-F944-4D11-8208-4F999E90EF60}.DebugUnicode|x64.ActiveCfg = Debug|Win32
		{11FA21FD-F944-4D11-8208-4F999E90EF60}.Hybrid|Win32.ActiveCfg = Release|Win32
		{11FA21FD-F944-4D11-8208-4F999E90EF60}.Hybrid|Win32.Build.0 = Release|Win32
		{11FA21FD-F944-4D11-8208-4F999E90EF60}.Hybrid|x64.ActiveCfg = Release|Win32
		{11FA21FD-F944-4D11-8208-4F999E90EF60}.HybridUnicode|Win32.ActiveCfg = Release|Win32
		{11FA21FD-F944-4D11-8208-4F999E90EF60}.HybridUnicode|Win32.Build.0 = Release|Win32
		{11FA21FD-F944-4D11-8208-4F999E90EF60}.HybridUnicode|x64.ActiveCfg = Release|Win32
		{11FA21FD-F944-4D11-8208-4F999E90EF60}.Release|Win32.ActiveCfg = Release|Win32
		{11FA21FD-F944-4D11-8208-4F999E90EF60}.Release|Win32.Build.0 = Release|Win32
		{11FA21FD-F944-4D11-8208-4F999E90EF60}.Release|x64.ActiveCfg = Release|Win32
		{11FA21FD-F944-4D11-8208-4F999E90EF60}.ReleaseUnicode|Win32.ActiveCfg = Release|Win32
		{11FA21FD-F944-4D11-8208-4F999E90EF60}.ReleaseUnicode|Win32.Build.0 = Release|Win32
		{11FA21FD-F944-4D11-8208-4F999E90EF60}.ReleaseUnicode|x64.ActiveCfg = Release|Win32
		{11FA21FD-F944-4D11-8208-4F999E90EF60}.Retail|Win32.ActiveCfg = Release|Win32
		{11FA21FD-F944-4D11-8208-4F999E90EF60}.Retail|Win32.Build.0 = Release|Win32
		{11FA21FD-F944-4D11-8208-4F999E90EF60}.Retail|x64.ActiveCfg = Release|Win32
		{11FA21FD-F944-4D11-8208-4F999E90EF60}.TestLight|Win32.ActiveCfg = Release|Win32
		{11FA21FD-F944-4D11-8208-4F999E90EF60}.TestLight|Win32.Build.0 = Release|Win32
		{11FA21FD-F944-4D11-8208-4F999E90EF60}.TestLight|x64.ActiveCfg = Release|Win32
		{11FA21FD-F944-4D11-8208-4F999E90EF60}.TestRelease|Win32.ActiveCfg = Release|Win32
		{11FA21FD-F944-4D11-8208-4F999E90EF60}.TestRelease|Win32.Build.0 = Release|Win32
		{11FA21FD-F944-4D11-8208-4F999E90EF60}.TestRelease|x64.ActiveCfg = Release|Win32
		{CE8A8AE4-D071-4FA3-9A54-9285C51D758F}.Debug|Win32.ActiveCfg = Debug|Win32
		{CE8A8AE4-D071-4FA3-9A54-9285C51D758F}.Debug|Win32.Build.0 = Debug|Win32
		{CE8A8AE4-D071-4FA3-9A54-9285C51D758F}.Debug|x64.ActiveCfg = Debug|Win32
		{CE8A8AE4-D071-4FA3-9A54-9285C51D758F}.DebugUnicode|Win32.ActiveCfg = Debug|Win32
		{CE8A8AE4-D071-4FA3-9A54-9285C51D758F}.DebugUnicode|Win32.Build.0 = Debug|Win32
		{CE8A8AE4-D071-4FA3-9A54-9285C51D758F}.DebugUnicode|x64.ActiveCfg = Debug|Win32
		{CE8A8AE4-D071-4FA3-9A54-9285C51D758F}.Hybrid|Win32.ActiveCfg = Release|Win32
		{CE8A8AE4-D071-4FA3-9A54-9285C51D758F}.Hybrid|Win32.Build.0 = Release|Win32
		{CE8A8AE4-D071-4FA3-9A54-9285C51D758F}.Hybrid|x64.ActiveCfg = Release|Win32
		{CE8A8AE4-D071-4FA3-9A54-9285C51D758F}.HybridUnicode|Win32.ActiveCfg = Release|Win32
		{CE8A8AE4-D071-4FA3-9A54-9285C51D758F}.HybridUnicode|Win32.Build.0 = Release|Win32
		{CE8A8AE4-D071-4FA3-9A54-9285C51D758F}.HybridUnicode|x64.ActiveCfg = Release|Win32
		{CE8A8AE4-D071-4FA3-9A54-9285C51D758F}.Release|Win32.ActiveCfg = Release|Win32
		{CE8A8AE4-D071-4FA3-9A54-9285C51D758F}.Release|Win32.Build.0 = Release|Win32
		{CE8A8AE4-D071-4FA3-9A54-9285C51D758F}.Release|x64.ActiveCfg = Release|Win32
		{CE8A8AE4-D071-4FA3-9A54-9285C51D758F}.ReleaseUnicode|Win32.ActiveCfg = Release|Win32
		{CE8A8AE4-D071-4FA3-9A54-9285C51D758F}.ReleaseUnicode|Win32.Build.0 = Release|Win32
		{CE8A8AE4-D071-4FA3-9A54-9285C51D758F}.ReleaseUnicode|x64.ActiveCfg = Release|Win32
		{CE8A8AE4-D071-4FA3-9A54-9285C51D758F}.Retail|Win32.ActiveCfg = Release|Win32
		{CE8A8AE4-D071-4FA3-9A54-9285C51D758F}.Retail|Win32.Build.0 = Release|Win32
		{CE8A8AE4-D071-4FA3-9A54-9285C51D758F}.Retail|x64.ActiveCfg = Release|Win32
		{CE8A8AE4-D071-4FA3-9A54-9285C51D758F}.TestLight|Win32.ActiveCfg = Release|Win32
		{CE8A8AE4-D071-4FA3-9A54-9285C51D758F}.TestLight|Win32.Build.0 = Release|Win32
		{CE8A8AE4-D071-4FA3-9A54-9285C51D758F}.TestLight|x64.ActiveCfg = Release|Win32
		{CE8A8AE4-D071-4FA3-9A54-9285C51D758F}.TestRelease|Win32.ActiveCfg = Release|Win32
		{CE8A8AE4-D071-4FA3-9A54-9285C51D758F}.TestRelease|Win32.Build.0 = Release|Win32
		{CE8A8AE4-D071-4FA3-9A54-9285C51D758F}.TestRelease|x64.ActiveCfg = Release|Win32
	EndGlobalSection
	GlobalSection(SolutionProperties) = preSolution
		HideSolutionNode = FALSE
	EndGlobalSection
EndGlobal
