<?xml version="1.0" encoding="utf-8"?>
<Project ToolsVersion="4.0" xmlns="http://schemas.microsoft.com/developer/msbuild/2003">
  <ItemGroup>
    <Filter Include="Source Files">
      <UniqueIdentifier>{4FC737F1-C7A5-4376-A066-2A32D752A2FF}</UniqueIdentifier>
      <Extensions>cpp;c;cc;cxx;def;odl;idl;hpj;bat;asm;asmx</Extensions>
    </Filter>
    <Filter Include="Header Files">
      <UniqueIdentifier>{93995380-89BD-4b04-88EB-625FBE52EBFB}</UniqueIdentifier>
      <Extensions>h;hpp;hxx;hm;inl;inc;xsd</Extensions>
    </Filter>
    <Filter Include="Resource Files">
      <UniqueIdentifier>{67DA6AB6-F800-4c08-8B7A-83BB121AAD01}</UniqueIdentifier>
      <Extensions>rc;ico;cur;bmp;dlg;rc2;rct;bin;rgs;gif;jpg;jpeg;jpe;resx;tiff;tif;png;wav</Extensions>
    </Filter>
  </ItemGroup>
  <ItemGroup>
    <ClCompile Include="AHMOLoader.cpp">
      <Filter>Source Files</Filter>
    </ClCompile>
    <ClCompile Include="AseLoader.cpp">
      <Filter>Source Files</Filter>
    </ClCompile>
    <ClCompile Include="ASMELoader.cpp">
      <Filter>Source Files</Filter>
    </ClCompile>
    <ClCompile Include="BKELoader.cpp">
      <Filter>Source Files</Filter>
    </ClCompile>
    <ClCompile Include="BMELoader.cpp">
      <Filter>Source Files</Filter>
    </ClCompile>
    <ClCompile Include="BSELoader.cpp">
      <Filter>Source Files</Filter>
    </ClCompile>
    <ClCompile Include="ILoader.cpp">
      <Filter>Source Files</Filter>
    </ClCompile>
    <ClCompile Include="LightLoader.cpp">
      <Filter>Source Files</Filter>
    </ClCompile>
    <ClCompile Include="LoaderManager.cpp">
      <Filter>Source Files</Filter>
    </ClCompile>
    <ClCompile Include="MeshLoader.cpp">
      <Filter>Source Files</Filter>
    </ClCompile>
    <ClCompile Include="TextureLoader.cpp">
      <Filter>Source Files</Filter>
    </ClCompile>
  </ItemGroup>
  <ItemGroup>
    <ClInclude Include="AHMOLoader.h">
      <Filter>Header Files</Filter>
    </ClInclude>
    <ClInclude Include="ASELoader.h">
      <Filter>Header Files</Filter>
    </ClInclude>
    <ClInclude Include="ASMELoader.h">
      <Filter>Header Files</Filter>
    </ClInclude>
    <ClInclude Include="BKELoader.h">
      <Filter>Header Files</Filter>
    </ClInclude>
    <ClInclude Include="BMELoader.h">
      <Filter>Header Files</Filter>
    </ClInclude>
    <ClInclude Include="BSELoader.h">
      <Filter>Header Files</Filter>
    </ClInclude>
    <ClInclude Include="LightLoader.h">
      <Filter>Header Files</Filter>
    </ClInclude>
    <ClInclude Include="Loader.h">
      <Filter>Header Files</Filter>
    </ClInclude>
    <ClInclude Include="LoaderManager.h">
      <Filter>Header Files</Filter>
    </ClInclude>
    <ClInclude Include="MeshLoader.h">
      <Filter>Header Files</Filter>
    </ClInclude>
    <ClInclude Include="TextureLoader.h">
      <Filter>Header Files</Filter>
    </ClInclude>
  </ItemGroup>
</Project>